
Microsoft Visual Studio Solution File, Format Version 12.00
# Visual Studio Version 17
VisualStudioVersion = 17.14.36518.9 d17.14
MinimumVisualStudioVersion = 10.0.40219.1
Project("{8BC9CEB8-8B4A-11D0-8D11-00A0C91BC942}") = "Estudos BCC", "Estudos BCC\Estudos BCC.vcxproj", "{69A0C7CF-1B67-4EAB-82C6-DB68D9E3A4DE}"
EndProject
Global
	GlobalSection(SolutionConfigurationPlatforms) = preSolution
		Debug|x64 = Debug|x64
		Debug|x86 = Debug|x86
		Release|x64 = Release|x64
		Release|x86 = Release|x86
	EndGlobalSection
	GlobalSection(ProjectConfigurationPlatforms) = postSolution
		{69A0C7CF-1B67-4EAB-82C6-DB68D9E3A4DE}.Debug|x64.ActiveCfg = Debug|x64
		{69A0C7CF-1B67-4EAB-82C6-DB68D9E3A4DE}.Debug|x64.Build.0 = Debug|x64
		{69A0C7CF-1B67-4EAB-82C6-DB68D9E3A4DE}.Debug|x86.ActiveCfg = Debug|Win32
		{69A0C7CF-1B67-4EAB-82C6-DB68D9E3A4DE}.Debug|x86.Build.0 = Debug|Win32
		{69A0C7CF-1B67-4EAB-82C6-DB68D9E3A4DE}.Release|x64.ActiveCfg = Release|x64
		{69A0C7CF-1B67-4EAB-82C6-DB68D9E3A4DE}.Release|x64.Build.0 = Release|x64
		{69A0C7CF-1B67-4EAB-82C6-DB68D9E3A4DE}.Release|x86.ActiveCfg = Release|Win32
		{69A0C7CF-1B67-4EAB-82C6-DB68D9E3A4DE}.Release|x86.Build.0 = Release|Win32
	EndGlobalSection
	GlobalSection(SolutionProperties) = preSolution
		HideSolutionNode = FALSE
	EndGlobalSection
	GlobalSection(ExtensibilityGlobals) = postSolution
		SolutionGuid = {ACEAB498-36E2-4EE5-9081-02C641F2E16B}
	EndGlobalSection
EndGlobal
